{
  "lockfileVersion": 1,
  "configVersion": 1,
  "workspaces": {
    "": {
      "devDependencies": {
        "@cloudflare/workers-types": "^4.20260511.1",
      },
    },
  },
  "packages": {
    "@cloudflare/workers-types": ["@cloudflare/workers-types@4.20260511.1", "", {}, "sha512-FA+si7cOq9i/gtCHhIc0XJL0l1F/ApF+m00752Aj7WZFJrj3ZulT2T8/+rT3BabMT0QEnqFEGIqCgrmqhgEfMg=="],
  }
}
